# This file is automatically @generated by Cargo.
# It is not intended for manual editing.
version = 4

[[package]]
name = "st8"
version = "0.1.0"
dependencies = [
 "stator_core",
]

[[package]]
name = "stator_core"
version = "0.1.0"

[[package]]
name = "stator_ffi"
version = "0.1.0"
dependencies = [
 "stator_core",
]

[[package]]
name = "stator_test262"
version = "0.1.0"
dependencies = [
 "stator_core",
]
